// !$*UTF8*$!
{
	archiveVersion = 1;
	classes = {
	};
	objectVersion = 46;
	objects = {

/* Begin PBXBuildFile section */
		C4FEDC8E1B98DCE200B722CA /* main.m in Sources */ = {isa = PBXBuildFile; fileRef = C4FEDC8D1B98DCE200B722CA /* main.m */; };
		C4FEDC911B98DCE200B722CA /* AppDelegate.m in Sources */ = {isa = PBXBuildFile; fileRef = C4FEDC901B98DCE200B722CA /* AppDelegate.m */; };
		C4FEDC941B98DCE200B722CA /* ViewController.m in Sources */ = {isa = PBXBuildFile; fileRef = C4FEDC931B98DCE200B722CA /* ViewController.m */; };
		C4FEDC971B98DCE200B722CA /* Main.storyboard in Resources */ = {isa = PBXBuildFile; fileRef = C4FEDC951B98DCE200B722CA /* Main.storyboard */; };
		C4FEDC991B98DCE200B722CA /* Images.xcassets in Resources */ = {isa = PBXBuildFile; fileRef = C4FEDC981B98DCE200B722CA /* Images.xcassets */; };
		C4FEDC9C1B98DCE200B722CA /* LaunchScreen.xib in Resources */ = {isa = PBXBuildFile; fileRef = C4FEDC9A1B98DCE200B722CA /* LaunchScreen.xib */; };
		C4FEDCA81B98DCE200B722CA /* gpach002P1Tests.m in Sources */ = {isa = PBXBuildFile; fileRef = C4FEDCA71B98DCE200B722CA /* gpach002P1Tests.m */; };
		C4FEDCB41B98DD3300B722CA /* BNRQuizViewController.m in Sources */ = {isa = PBXBuildFile; fileRef = C4FEDCB21B98DD3300B722CA /* BNRQuizViewController.m */; };
		C4FEDCB51B98DD3300B722CA /* BNRQuizViewController.xib in Resources */ = {isa = PBXBuildFile; fileRef = C4FEDCB31B98DD3300B722CA /* BNRQuizViewController.xib */; };
/* End PBXBuildFile section */

/* Begin PBXContainerItemProxy section */
		C4FEDCA21B98DCE200B722CA /* PBXContainerItemProxy */ = {
			isa = PBXContainerItemProxy;
			containerPortal = C4FEDC801B98DCE100B722CA /* Project object */;
			proxyType = 1;
			remoteGlobalIDString = C4FEDC871B98DCE200B722CA;
			remoteInfo = gpach002P1;
		};
/* End PBXContainerItemProxy section */

/* Begin PBXFileReference section */
		C4FEDC881B98DCE200B722CA /* gpach002P1.app */ = {isa = PBXFileReference; explicitFileType = wrapper.application; includeInIndex = 0; path = gpach002P1.app; sourceTree = BUILT_PRODUCTS_DIR; };
		C4FEDC8C1B98DCE200B722CA /* Info.plist */ = {isa = PBXFileReference; lastKnownFileType = text.plist.xml; path = Info.plist; sourceTree = "<group>"; };
		C4FEDC8D1B98DCE200B722CA /* main.m */ = {isa = PBXFileReference; lastKnownFileType = sourcecode.c.objc; path = main.m; sourceTree = "<group>"; };
		C4FEDC8F1B98DCE200B722CA /* AppDelegate.h */ = {isa = PBXFileReference; lastKnownFileType = sourcecode.c.h; path = AppDelegate.h; sourceTree = "<group>"; };
		C4FEDC901B98DCE200B722CA /* AppDelegate.m */ = {isa = PBXFileReference; lastKnownFileType = sourcecode.c.objc; path = AppDelegate.m; sourceTree = "<group>"; };
		C4FEDC921B98DCE200B722CA /* ViewController.h */ = {isa = PBXFileReference; lastKnownFileType = sourcecode.c.h; path = ViewController.h; sourceTree = "<group>"; };
		C4FEDC931B98DCE200B722CA /* ViewController.m */ = {isa = PBXFileReference; lastKnownFileType = sourcecode.c.objc; path = ViewController.m; sourceTree = "<group>"; };
		C4FEDC961B98DCE200B722CA /* Base */ = {isa = PBXFileReference; lastKnownFileType = file.storyboard; name = Base; path = Base.lproj/Main.storyboard; sourceTree = "<group>"; };
		C4FEDC981B98DCE200B722CA /* Images.xcassets */ = {isa = PBXFileReference; lastKnownFileType = folder.assetcatalog; path = Images.xcassets; sourceTree = "<group>"; };
		C4FEDC9B1B98DCE200B722CA /* Base */ = {isa = PBXFileReference; lastKnownFileType = file.xib; name = Base; path = Base.lproj/LaunchScreen.xib; sourceTree = "<group>"; };
		C4FEDCA11B98DCE200B722CA /* gpach002P1Tests.xctest */ = {isa = PBXFileReference; explicitFileType = wrapper.cfbundle; includeInIndex = 0; path = gpach002P1Tests.xctest; sourceTree = BUILT_PRODUCTS_DIR; };
		C4FEDCA61B98DCE200B722CA /* Info.plist */ = {isa = PBXFileReference; lastKnownFileType = text.plist.xml; path = Info.plist; sourceTree = "<group>"; };
		C4FEDCA71B98DCE200B722CA /* gpach002P1Tests.m */ = {isa = PBXFileReference; lastKnownFileType = sourcecode.c.objc; path = gpach002P1Tests.m; sourceTree = "<group>"; };
		C4FEDCB11B98DD3300B722CA /* BNRQuizViewController.h */ = {isa = PBXFileReference; fileEncoding = 4; lastKnownFileType = sourcecode.c.h; name = BNRQuizViewController.h; path = ../BNRQuizViewController.h; sourceTree = "<group>"; };
		C4FEDCB21B98DD3300B722CA /* BNRQuizViewController.m */ = {isa = PBXFileReference; fileEncoding = 4; lastKnownFileType = sourcecode.c.objc; name = BNRQuizViewController.m; path = ../BNRQuizViewController.m; sourceTree = "<group>"; };
		C4FEDCB31B98DD3300B722CA /* BNRQuizViewController.xib */ = {isa = PBXFileReference; fileEncoding = 4; lastKnownFileType = file.xib; name = BNRQuizViewController.xib; path = ../BNRQuizViewController.xib; sourceTree = "<group>"; };
/* End PBXFileReference section */

/* Begin PBXFrameworksBuildPhase section */
		C4FEDC851B98DCE200B722CA /* Frameworks */ = {
			isa = PBXFrameworksBuildPhase;
			buildActionMask = 2147483647;
			files = (
			);
			runOnlyForDeploymentPostprocessing = 0;
		};
		C4FEDC9E1B98DCE200B722CA /* Frameworks */ = {
			isa = PBXFrameworksBuildPhase;
			buildActionMask = 2147483647;
			files = (
			);
			runOnlyForDeploymentPostprocessing = 0;
		};
/* End PBXFrameworksBuildPhase section */

/* Begin PBXGroup section */
		C4FEDC7F1B98DCE100B722CA = {
			isa = PBXGroup;
			children = (
				C4FEDC8A1B98DCE200B722CA /* gpach002P1 */,
				C4FEDCA41B98DCE200B722CA /* gpach002P1Tests */,
				C4FEDC891B98DCE200B722CA /* Products */,
			);
			sourceTree = "<group>";
		};
		C4FEDC891B98DCE200B722CA /* Products */ = {
			isa = PBXGroup;
			children = (
				C4FEDC881B98DCE200B722CA /* gpach002P1.app */,
				C4FEDCA11B98DCE200B722CA /* gpach002P1Tests.xctest */,
			);
			name = Products;
			sourceTree = "<group>";
		};
		C4FEDC8A1B98DCE200B722CA /* gpach002P1 */ = {
			isa = PBXGroup;
			children = (
				C4FEDC8F1B98DCE200B722CA /* AppDelegate.h */,
				C4FEDCB11B98DD3300B722CA /* BNRQuizViewController.h */,
				C4FEDCB21B98DD3300B722CA /* BNRQuizViewController.m */,
				C4FEDCB31B98DD3300B722CA /* BNRQuizViewController.xib */,
				C4FEDC901B98DCE200B722CA /* AppDelegate.m */,
				C4FEDC921B98DCE200B722CA /* ViewController.h */,
				C4FEDC931B98DCE200B722CA /* ViewController.m */,
				C4FEDC951B98DCE200B722CA /* Main.storyboard */,
				C4FEDC981B98DCE200B722CA /* Images.xcassets */,
				C4FEDC9A1B98DCE200B722CA /* LaunchScreen.xib */,
				C4FEDC8B1B98DCE200B722CA /* Supporting Files */,
			);
			path = gpach002P1;
			sourceTree = "<group>";
		};
		C4FEDC8B1B98DCE200B722CA /* Supporting Files */ = {
			isa = PBXGroup;
			children = (
				C4FEDC8C1B98DCE200B722CA /* Info.plist */,
				C4FEDC8D1B98DCE200B722CA /* main.m */,
			);
			name = "Supporting Files";
			sourceTree = "<group>";
		};
		C4FEDCA41B98DCE200B722CA /* gpach002P1Tests */ = {
			isa = PBXGroup;
			children = (
				C4FEDCA71B98DCE200B722CA /* gpach002P1Tests.m */,
				C4FEDCA51B98DCE200B722CA /* Supporting Files */,
			);
			path = gpach002P1Tests;
			sourceTree = "<group>";
		};
		C4FEDCA51B98DCE200B722CA /* Supporting Files */ = {
			isa = PBXGroup;
			children = (
				C4FEDCA61B98DCE200B722CA /* Info.plist */,
			);
			name = "Supporting Files";
			sourceTree = "<group>";
		};
/* End PBXGroup section */

/* Begin PBXNativeTarget section */
		C4FEDC871B98DCE200B722CA /* gpach002P1 */ = {
			isa = PBXNativeTarget;
			buildConfigurationList = C4FEDCAB1B98DCE200B722CA /* Build configuration list for PBXNativeTarget "gpach002P1" */;
			buildPhases = (
				C4FEDC841B98DCE200B722CA /* Sources */,
				C4FEDC851B98DCE200B722CA /* Frameworks */,
				C4FEDC861B98DCE200B722CA /* Resources */,
			);
			buildRules = (
			);
			dependencies = (
			);
			name = gpach002P1;
			productName = gpach002P1;
			productReference = C4FEDC881B98DCE200B722CA /* gpach002P1.app */;
			productType = "com.apple.product-type.application";
		};
		C4FEDCA01B98DCE200B722CA /* gpach002P1Tests */ = {
			isa = PBXNativeTarget;
			buildConfigurationList = C4FEDCAE1B98DCE200B722CA /* Build configuration list for PBXNativeTarget "gpach002P1Tests" */;
			buildPhases = (
				C4FEDC9D1B98DCE200B722CA /* Sources */,
				C4FEDC9E1B98DCE200B722CA /* Frameworks */,
				C4FEDC9F1B98DCE200B722CA /* Resources */,
			);
			buildRules = (
			);
			dependencies = (
				C4FEDCA31B98DCE200B722CA /* PBXTargetDependency */,
			);
			name = gpach002P1Tests;
			productName = gpach002P1Tests;
			productReference = C4FEDCA11B98DCE200B722CA /* gpach002P1Tests.xctest */;
			productType = "com.apple.product-type.bundle.unit-test";
		};
/* End PBXNativeTarget section */

/* Begin PBXProject section */
		C4FEDC801B98DCE100B722CA /* Project object */ = {
			isa = PBXProject;
			attributes = {
				LastUpgradeCheck = 0630;
				ORGANIZATIONNAME = classroomM;
				TargetAttributes = {
					C4FEDC871B98DCE200B722CA = {
						CreatedOnToolsVersion = 6.3.1;
					};
					C4FEDCA01B98DCE200B722CA = {
						CreatedOnToolsVersion = 6.3.1;
						TestTargetID = C4FEDC871B98DCE200B722CA;
					};
				};
			};
			buildConfigurationList = C4FEDC831B98DCE100B722CA /* Build configuration list for PBXProject "gpach002P1" */;
			compatibilityVersion = "Xcode 3.2";
			developmentRegion = English;
			hasScannedForEncodings = 0;
			knownRegions = (
				en,
				Base,
			);
			mainGroup = C4FEDC7F1B98DCE100B722CA;
			productRefGroup = C4FEDC891B98DCE200B722CA /* Products */;
			projectDirPath = "";
			projectRoot = "";
			targets = (
				C4FEDC871B98DCE200B722CA /* gpach002P1 */,
				C4FEDCA01B98DCE200B722CA /* gpach002P1Tests */,
			);
		};
/* End PBXProject section */

/* Begin PBXResourcesBuildPhase section */
		C4FEDC861B98DCE200B722CA /* Resources */ = {
			isa = PBXResourcesBuildPhase;
			buildActionMask = 2147483647;
			files = (
				C4FEDCB51B98DD3300B722CA /* BNRQuizViewController.xib in Resources */,
				C4FEDC971B98DCE200B722CA /* Main.storyboard in Resources */,
				C4FEDC9C1B98DCE200B722CA /* LaunchScreen.xib in Resources */,
				C4FEDC991B98DCE200B722CA /* Images.xcassets in Resources */,
			);
			runOnlyForDeploymentPostprocessing = 0;
		};
		C4FEDC9F1B98DCE200B722CA /* Resources */ = {
			isa = PBXResourcesBuildPhase;
			buildActionMask = 2147483647;
			files = (
			);
			runOnlyForDeploymentPostprocessing = 0;
		};
/* End PBXResourcesBuildPhase section */

/* Begin PBXSourcesBuildPhase section */
		C4FEDC841B98DCE200B722CA /* Sources */ = {
			isa = PBXSourcesBuildPhase;
			buildActionMask = 2147483647;
			files = (
				C4FEDCB41B98DD3300B722CA /* BNRQuizViewController.m in Sources */,
				C4FEDC941B98DCE200B722CA /* ViewController.m in Sources */,
				C4FEDC911B98DCE200B722CA /* AppDelegate.m in Sources */,
				C4FEDC8E1B98DCE200B722CA /* main.m in Sources */,
			);
			runOnlyForDeploymentPostprocessing = 0;
		};
		C4FEDC9D1B98DCE200B722CA /* Sources */ = {
			isa = PBXSourcesBuildPhase;
			buildActionMask = 2147483647;
			files = (
				C4FEDCA81B98DCE200B722CA /* gpach002P1Tests.m in Sources */,
			);
			runOnlyForDeploymentPostprocessing = 0;
		};
/* End PBXSourcesBuildPhase section */

/* Begin PBXTargetDependency section */
		C4FEDCA31B98DCE200B722CA /* PBXTargetDependency */ = {
			isa = PBXTargetDependency;
			target = C4FEDC871B98DCE200B722CA /* gpach002P1 */;
			targetProxy = C4FEDCA21B98DCE200B722CA /* PBXContainerItemProxy */;
		};
/* End PBXTargetDependency section */

/* Begin PBXVariantGroup section */
		C4FEDC951B98DCE200B722CA /* Main.storyboard */ = {
			isa = PBXVariantGroup;
			children = (
				C4FEDC961B98DCE200B722CA /* Base */,
			);
			name = Main.storyboard;
			sourceTree = "<group>";
		};
		C4FEDC9A1B98DCE200B722CA /* LaunchScreen.xib */ = {
			isa = PBXVariantGroup;
			children = (
				C4FEDC9B1B98DCE200B722CA /* Base */,
			);
			name = LaunchScreen.xib;
			sourceTree = "<group>";
		};
/* End PBXVariantGroup section */

/* Begin XCBuildConfiguration section */
		C4FEDCA91B98DCE200B722CA /* Debug */ = {
			isa = XCBuildConfiguration;
			buildSettings = {
				ALWAYS_SEARCH_USER_PATHS = NO;
				CLANG_CXX_LANGUAGE_STANDARD = "gnu++0x";
				CLANG_CXX_LIBRARY = "libc++";
				CLANG_ENABLE_MODULES = YES;
				CLANG_ENABLE_OBJC_ARC = YES;
				CLANG_WARN_BOOL_CONVERSION = YES;
				CLANG_WARN_CONSTANT_CONVERSION = YES;
				CLANG_WARN_DIRECT_OBJC_ISA_USAGE = YES_ERROR;
				CLANG_WARN_EMPTY_BODY = YES;
				CLANG_WARN_ENUM_CONVERSION = YES;
				CLANG_WARN_INT_CONVERSION = YES;
				CLANG_WARN_OBJC_ROOT_CLASS = YES_ERROR;
				CLANG_WARN_UNREACHABLE_CODE = YES;
				CLANG_WARN__DUPLICATE_METHOD_MATCH = YES;
				"CODE_SIGN_IDENTITY[sdk=iphoneos*]" = "iPhone Developer";
				COPY_PHASE_STRIP = NO;
				DEBUG_INFORMATION_FORMAT = "dwarf-with-dsym";
				ENABLE_STRICT_OBJC_MSGSEND = YES;
				GCC_C_LANGUAGE_STANDARD = gnu99;
				GCC_DYNAMIC_NO_PIC = NO;
				GCC_NO_COMMON_BLOCKS = YES;
				GCC_OPTIMIZATION_LEVEL = 0;
				GCC_PREPROCESSOR_DEFINITIONS = (
					"DEBUG=1",
					"$(inherited)",
				);
				GCC_SYMBOLS_PRIVATE_EXTERN = NO;
				GCC_WARN_64_TO_32_BIT_CONVERSION = YES;
				GCC_WARN_ABOUT_RETURN_TYPE = YES_ERROR;
				GCC_WARN_UNDECLARED_SELECTOR = YES;
				GCC_WARN_UNINITIALIZED_AUTOS = YES_AGGRESSIVE;
				GCC_WARN_UNUSED_FUNCTION = YES;
				GCC_WARN_UNUSED_VARIABLE = YES;
				IPHONEOS_DEPLOYMENT_TARGET = 8.3;
				MTL_ENABLE_DEBUG_INFO = YES;
				ONLY_ACTIVE_ARCH = YES;
				SDKROOT = iphoneos;
			};
			name = Debug;
		};
		C4FEDCAA1B98DCE200B722CA /* Release */ = {
			isa = XCBuildConfiguration;
			buildSettings = {
				ALWAYS_SEARCH_USER_PATHS = NO;
				CLANG_CXX_LANGUAGE_STANDARD = "gnu++0x";
				CLANG_CXX_LIBRARY = "libc++";
				CLANG_ENABLE_MODULES = YES;
				CLANG_ENABLE_OBJC_ARC = YES;
				CLANG_WARN_BOOL_CONVERSION = YES;
				CLANG_WARN_CONSTANT_CONVERSION = YES;
				CLANG_WARN_DIRECT_OBJC_ISA_USAGE = YES_ERROR;
				CLANG_WARN_EMPTY_BODY = YES;
				CLANG_WARN_ENUM_CONVERSION = YES;
				CLANG_WARN_INT_CONVERSION = YES;
				CLANG_WARN_OBJC_ROOT_CLASS = YES_ERROR;
				CLANG_WARN_UNREACHABLE_CODE = YES;
				CLANG_WARN__DUPLICATE_METHOD_MATCH = YES;
				"CODE_SIGN_IDENTITY[sdk=iphoneos*]" = "iPhone Developer";
				COPY_PHASE_STRIP = NO;
				DEBUG_INFORMATION_FORMAT = "dwarf-with-dsym";
				ENABLE_NS_ASSERTIONS = NO;
				ENABLE_STRICT_OBJC_MSGSEND = YES;
				GCC_C_LANGUAGE_STANDARD = gnu99;
				GCC_NO_COMMON_BLOCKS = YES;
				GCC_WARN_64_TO_32_BIT_CONVERSION = YES;
				GCC_WARN_ABOUT_RETURN_TYPE = YES_ERROR;
				GCC_WARN_UNDECLARED_SELECTOR = YES;
				GCC_WARN_UNINITIALIZED_AUTOS = YES_AGGRESSIVE;
				GCC_WARN_UNUSED_FUNCTION = YES;
				GCC_WARN_UNUSED_VARIABLE = YES;
				IPHONEOS_DEPLOYMENT_TARGET = 8.3;
				MTL_ENABLE_DEBUG_INFO = NO;
				SDKROOT = iphoneos;
				VALIDATE_PRODUCT = YES;
			};
			name = Release;
		};
		C4FEDCAC1B98DCE200B722CA /* Debug */ = {
			isa = XCBuildConfiguration;
			buildSettings = {
				ASSETCATALOG_COMPILER_APPICON_NAME = AppIcon;
				INFOPLIST_FILE = gpach002P1/Info.plist;
				LD_RUNPATH_SEARCH_PATHS = "$(inherited) @executable_path/Frameworks";
				PRODUCT_NAME = "$(TARGET_NAME)";
			};
			name = Debug;
		};
		C4FEDCAD1B98DCE200B722CA /* Release */ = {
			isa = XCBuildConfiguration;
			buildSettings = {
				ASSETCATALOG_COMPILER_APPICON_NAME = AppIcon;
				INFOPLIST_FILE = gpach002P1/Info.plist;
				LD_RUNPATH_SEARCH_PATHS = "$(inherited) @executable_path/Frameworks";
				PRODUCT_NAME = "$(TARGET_NAME)";
			};
			name = Release;
		};
		C4FEDCAF1B98DCE200B722CA /* Debug */ = {
			isa = XCBuildConfiguration;
			buildSettings = {
				BUNDLE_LOADER = "$(TEST_HOST)";
				FRAMEWORK_SEARCH_PATHS = (
					"$(SDKROOT)/Developer/Library/Frameworks",
					"$(inherited)",
				);
				GCC_PREPROCESSOR_DEFINITIONS = (
					"DEBUG=1",
					"$(inherited)",
				);
				INFOPLIST_FILE = gpach002P1Tests/Info.plist;
				LD_RUNPATH_SEARCH_PATHS = "$(inherited) @executable_path/Frameworks @loader_path/Frameworks";
				PRODUCT_NAME = "$(TARGET_NAME)";
				TEST_HOST = "$(BUILT_PRODUCTS_DIR)/gpach002P1.app/gpach002P1";
			};
			name = Debug;
		};
		C4FEDCB01B98DCE200B722CA /* Release */ = {
			isa = XCBuildConfiguration;
			buildSettings = {
				BUNDLE_LOADER = "$(TEST_HOST)";
				FRAMEWORK_SEARCH_PATHS = (
					"$(SDKROOT)/Developer/Library/Frameworks",
					"$(inherited)",
				);
				INFOPLIST_FILE = gpach002P1Tests/Info.plist;
				LD_RUNPATH_SEARCH_PATHS = "$(inherited) @executable_path/Frameworks @loader_path/Frameworks";
				PRODUCT_NAME = "$(TARGET_NAME)";
				TEST_HOST = "$(BUILT_PRODUCTS_DIR)/gpach002P1.app/gpach002P1";
			};
			name = Release;
		};
/* End XCBuildConfiguration section */

/* Begin XCConfigurationList section */
		C4FEDC831B98DCE100B722CA /* Build configuration list for PBXProject "gpach002P1" */ = {
			isa = XCConfigurationList;
			buildConfigurations = (
				C4FEDCA91B98DCE200B722CA /* Debug */,
				C4FEDCAA1B98DCE200B722CA /* Release */,
			);
			defaultConfigurationIsVisible = 0;
			defaultConfigurationName = Release;
		};
		C4FEDCAB1B98DCE200B722CA /* Build configuration list for PBXNativeTarget "gpach002P1" */ = {
			isa = XCConfigurationList;
			buildConfigurations = (
				C4FEDCAC1B98DCE200B722CA /* Debug */,
				C4FEDCAD1B98DCE200B722CA /* Release */,
			);
			defaultConfigurationIsVisible = 0;
		};
		C4FEDCAE1B98DCE200B722CA /* Build configuration list for PBXNativeTarget "gpach002P1Tests" */ = {
			isa = XCConfigurationList;
			buildConfigurations = (
				C4FEDCAF1B98DCE200B722CA /* Debug */,
				C4FEDCB01B98DCE200B722CA /* Release */,
			);
			defaultConfigurationIsVisible = 0;
		};
/* End XCConfigurationList section */
	};
	rootObject = C4FEDC801B98DCE100B722CA /* Project object */;
}
